{
  "name": "js2uri",
  "version": "1.19.1",
  "lockfileVersion": 3,
  "requires": true,
  "packages": {
    "": {
      "name": "js2uri",
      "version": "1.19.1",
      "license": "MIT",
      "bin": {
        "js2uri": "bin/js2uri.js"
      },
      "engines": {
        "node": ">=22.23.0",
        "npm": ">=11.5.1"
      },
      "peerDependencies": {
        "grunt": ">=1.6.3 <2."
      },
      "peerDependenciesMeta": {
        "grunt": {
          "optional": true
        }
      }
    }
  }
}
